
Microsoft Visual Studio Solution File, Format Version 12.00
# Visual Studio Version 16
VisualStudioVersion = 16.0.29215.179
MinimumVisualStudioVersion = 10.0.40219.1
Project("{FAE04EC0-301F-11D3-BF4B-00C04F79EFBC}") = "TypingSimulator", "TypingSimulator\TypingSimulator.csproj", "{1FB4B76A-B604-4AEE-B504-F7A76E269EE4}"
EndProject
Global
	GlobalSection(SolutionConfigurationPlatforms) = preSolution
		Debug|Any CPU = Debug|Any CPU
		Release|Any CPU = Release|Any CPU
	EndGlobalSection
	GlobalSection(ProjectConfigurationPlatforms) = postSolution
		{1FB4B76A-B604-4AEE-B504-F7A76E269EE4}.Debug|Any CPU.ActiveCfg = Debug|Any CPU
		{1FB4B76A-B604-4AEE-B504-F7A76E269EE4}.Debug|Any CPU.Build.0 = Debug|Any CPU
		{1FB4B76A-B604-4AEE-B504-F7A76E269EE4}.Release|Any CPU.ActiveCfg = Release|Any CPU
		{1FB4B76A-B604-4AEE-B504-F7A76E269EE4}.Release|Any CPU.Build.0 = Release|Any CPU
	EndGlobalSection
	GlobalSection(SolutionProperties) = preSolution
		HideSolutionNode = FALSE
	EndGlobalSection
	GlobalSection(ExtensibilityGlobals) = postSolution
		SolutionGuid = {FB2C0D18-1FB8-4B56-97B2-166C35E3EB57}
	EndGlobalSection
EndGlobal
